
Microsoft Visual Studio Solution File, Format Version 12.00
# Visual Studio 15
VisualStudioVersion = 15.0.28010.2046
MinimumVisualStudioVersion = 10.0.40219.1
Project("{FAE04EC0-301F-11D3-BF4B-00C04F79EFBC}") = "MyPlugins", "MyPlugins\MyPlugins.csproj", "{8B753078-58C9-462A-9A5F-E789BB3CFA7A}"
EndProject
Project("{FAE04EC0-301F-11D3-BF4B-00C04F79EFBC}") = "MyCustomWorkflows", "MyCustomWorkflows\MyCustomWorkflows.csproj", "{09312A33-A183-4F74-9441-66BF7AE56013}"
EndProject
Global
	GlobalSection(SolutionConfigurationPlatforms) = preSolution
		Debug|Any CPU = Debug|Any CPU
		Release|Any CPU = Release|Any CPU
	EndGlobalSection
	GlobalSection(ProjectConfigurationPlatforms) = postSolution
		{8B753078-58C9-462A-9A5F-E789BB3CFA7A}.Debug|Any CPU.ActiveCfg = Debug|Any CPU
		{8B753078-58C9-462A-9A5F-E789BB3CFA7A}.Debug|Any CPU.Build.0 = Debug|Any CPU
		{8B753078-58C9-462A-9A5F-E789BB3CFA7A}.Release|Any CPU.ActiveCfg = Release|Any CPU
		{8B753078-58C9-462A-9A5F-E789BB3CFA7A}.Release|Any CPU.Build.0 = Release|Any CPU
		{09312A33-A183-4F74-9441-66BF7AE56013}.Debug|Any CPU.ActiveCfg = Debug|Any CPU
		{09312A33-A183-4F74-9441-66BF7AE56013}.Debug|Any CPU.Build.0 = Debug|Any CPU
		{09312A33-A183-4F74-9441-66BF7AE56013}.Release|Any CPU.ActiveCfg = Release|Any CPU
		{09312A33-A183-4F74-9441-66BF7AE56013}.Release|Any CPU.Build.0 = Release|Any CPU
	EndGlobalSection
	GlobalSection(SolutionProperties) = preSolution
		HideSolutionNode = FALSE
	EndGlobalSection
	GlobalSection(ExtensibilityGlobals) = postSolution
		SolutionGuid = {FD28EA1A-C214-4258-A95B-90AF305F5274}
	EndGlobalSection
EndGlobal
